PODS:
  - Alamofire (5.0.4)
  - MBProgressHUD (1.2.0)

DEPENDENCIES:
  - Alamofire (~> 5.0)
  - MBProgressHUD (~> 1.2.0)

SPEC REPOS:
  trunk:
    - Alamofire
    - MBProgressHUD

SPEC CHECKSUMS:
  Alamofire: 0fe5fd24b4298dc377a6550da7d5f1b30e286fcb
  MBProgressHUD: 3ee5efcc380f6a79a7cc9b363dd669c5e1ae7406

PODFILE CHECKSUM: e8fbe8222ca983118a8f71214d24f2252c26db25

COCOAPODS: 1.8.4
