// !$*UTF8*$!
{
	archiveVersion = 1;
	classes = {
	};
	objectVersion = 50;
	objects = {

/* Begin PBXBuildFile section */
		1F0B8523242F775700B03809 /* BluetoothScannerService.swift in Sources */ = {isa = PBXBuildFile; fileRef = 1F0B8522242F775700B03809 /* BluetoothScannerService.swift */; };
		1F0B8525242F778D00B03809 /* Peripheral.swift in Sources */ = {isa = PBXBuildFile; fileRef = 1F0B8524242F778D00B03809 /* Peripheral.swift */; };
		1F0B8654242F7F0E00B03809 /* CoreDataStorage.swift in Sources */ = {isa = PBXBuildFile; fileRef = 1F0B8653242F7F0E00B03809 /* CoreDataStorage.swift */; };
		1F0B8656242F7F4B00B03809 /* PeripheralCoreDataStorage.swift in Sources */ = {isa = PBXBuildFile; fileRef = 1F0B8655242F7F4B00B03809 /* PeripheralCoreDataStorage.swift */; };
		1FA2051E242F694B000C4B56 /* AppDelegate.swift in Sources */ = {isa = PBXBuildFile; fileRef = 1FA2051D242F694B000C4B56 /* AppDelegate.swift */; };
		1FA20520242F694B000C4B56 /* SceneDelegate.swift in Sources */ = {isa = PBXBuildFile; fileRef = 1FA2051F242F694B000C4B56 /* SceneDelegate.swift */; };
		1FA20522242F694B000C4B56 /* IntialViewController.swift in Sources */ = {isa = PBXBuildFile; fileRef = 1FA20521242F694B000C4B56 /* IntialViewController.swift */; };
		1FA20525242F694B000C4B56 /* Main.storyboard in Resources */ = {isa = PBXBuildFile; fileRef = 1FA20523242F694B000C4B56 /* Main.storyboard */; };
		1FA20528242F694B000C4B56 /* CoronaTracer.xcdatamodeld in Sources */ = {isa = PBXBuildFile; fileRef = 1FA20526242F694B000C4B56 /* CoronaTracer.xcdatamodeld */; };
		1FA2052A242F694C000C4B56 /* Assets.xcassets in Resources */ = {isa = PBXBuildFile; fileRef = 1FA20529242F694C000C4B56 /* Assets.xcassets */; };
		1FA2052D242F694C000C4B56 /* LaunchScreen.storyboard in Resources */ = {isa = PBXBuildFile; fileRef = 1FA2052B242F694C000C4B56 /* LaunchScreen.storyboard */; };
		1FA20538242F694C000C4B56 /* CoronaTracerTests.swift in Sources */ = {isa = PBXBuildFile; fileRef = 1FA20537242F694C000C4B56 /* CoronaTracerTests.swift */; };
		1FA20543242F694C000C4B56 /* CoronaTracerUITests.swift in Sources */ = {isa = PBXBuildFile; fileRef = 1FA20542242F694C000C4B56 /* CoronaTracerUITests.swift */; };
		71B869BF3687ABBECF47665D /* libPods-CoronaTracerTests.a in Frameworks */ = {isa = PBXBuildFile; fileRef = E4BEB1C19DB64A2CAC350883 /* libPods-CoronaTracerTests.a */; };
		A5461F7A4D5EEDF9E3C0CA40 /* libPods-CoronaTracer-CoronaTracerUITests.a in Frameworks */ = {isa = PBXBuildFile; fileRef = 808AF70D1097C0549A8A8090 /* libPods-CoronaTracer-CoronaTracerUITests.a */; };
		C9E5D8EF687B8F4B55AB74DA /* libPods-CoronaTracer.a in Frameworks */ = {isa = PBXBuildFile; fileRef = AE21CD71809F1928C74CEBBF /* libPods-CoronaTracer.a */; };
/* End PBXBuildFile section */

/* Begin PBXContainerItemProxy section */
		1FA20534242F694C000C4B56 /* PBXContainerItemProxy */ = {
			isa = PBXContainerItemProxy;
			containerPortal = 1FA20512242F694B000C4B56 /* Project object */;
			proxyType = 1;
			remoteGlobalIDString = 1FA20519242F694B000C4B56;
			remoteInfo = CoronaTracer;
		};
		1FA2053F242F694C000C4B56 /* PBXContainerItemProxy */ = {
			isa = PBXContainerItemProxy;
			containerPortal = 1FA20512242F694B000C4B56 /* Project object */;
			proxyType = 1;
			remoteGlobalIDString = 1FA20519242F694B000C4B56;
			remoteInfo = CoronaTracer;
		};
/* End PBXContainerItemProxy section */

/* Begin PBXFileReference section */
		045D8BDDF0E141824A6A51C9 /* Pods-CoronaTracerTests.debug.xcconfig */ = {isa = PBXFileReference; includeInIndex = 1; lastKnownFileType = text.xcconfig; name = "Pods-CoronaTracerTests.debug.xcconfig"; path = "Target Support Files/Pods-CoronaTracerTests/Pods-CoronaTracerTests.debug.xcconfig"; sourceTree = "<group>"; };
		1F0B8522242F775700B03809 /* BluetoothScannerService.swift */ = {isa = PBXFileReference; lastKnownFileType = sourcecode.swift; path = BluetoothScannerService.swift; sourceTree = "<group>"; };
		1F0B8524242F778D00B03809 /* Peripheral.swift */ = {isa = PBXFileReference; lastKnownFileType = sourcecode.swift; path = Peripheral.swift; sourceTree = "<group>"; };
		1F0B8653242F7F0E00B03809 /* CoreDataStorage.swift */ = {isa = PBXFileReference; fileEncoding = 4; lastKnownFileType = sourcecode.swift; path = CoreDataStorage.swift; sourceTree = "<group>"; };
		1F0B8655242F7F4B00B03809 /* PeripheralCoreDataStorage.swift */ = {isa = PBXFileReference; lastKnownFileType = sourcecode.swift; path = PeripheralCoreDataStorage.swift; sourceTree = "<group>"; };
		1F2C1121AA0CCBD5ED0908C0 /* Pods-CoronaTracerTests.release.xcconfig */ = {isa = PBXFileReference; includeInIndex = 1; lastKnownFileType = text.xcconfig; name = "Pods-CoronaTracerTests.release.xcconfig"; path = "Target Support Files/Pods-CoronaTracerTests/Pods-CoronaTracerTests.release.xcconfig"; sourceTree = "<group>"; };
		1FA2051A242F694B000C4B56 /* CoronaTracer.app */ = {isa = PBXFileReference; explicitFileType = wrapper.application; includeInIndex = 0; path = CoronaTracer.app; sourceTree = BUILT_PRODUCTS_DIR; };
		1FA2051D242F694B000C4B56 /* AppDelegate.swift */ = {isa = PBXFileReference; lastKnownFileType = sourcecode.swift; path = AppDelegate.swift; sourceTree = "<group>"; };
		1FA2051F242F694B000C4B56 /* SceneDelegate.swift */ = {isa = PBXFileReference; lastKnownFileType = sourcecode.swift; path = SceneDelegate.swift; sourceTree = "<group>"; };
		1FA20521242F694B000C4B56 /* IntialViewController.swift */ = {isa = PBXFileReference; lastKnownFileType = sourcecode.swift; path = IntialViewController.swift; sourceTree = "<group>"; };
		1FA20524242F694B000C4B56 /* Base */ = {isa = PBXFileReference; lastKnownFileType = file.storyboard; name = Base; path = Base.lproj/Main.storyboard; sourceTree = "<group>"; };
		1FA20527242F694B000C4B56 /* CoronaTracer.xcdatamodel */ = {isa = PBXFileReference; lastKnownFileType = wrapper.xcdatamodel; path = CoronaTracer.xcdatamodel; sourceTree = "<group>"; };
		1FA20529242F694C000C4B56 /* Assets.xcassets */ = {isa = PBXFileReference; lastKnownFileType = folder.assetcatalog; path = Assets.xcassets; sourceTree = "<group>"; };
		1FA2052C242F694C000C4B56 /* Base */ = {isa = PBXFileReference; lastKnownFileType = file.storyboard; name = Base; path = Base.lproj/LaunchScreen.storyboard; sourceTree = "<group>"; };
		1FA2052E242F694C000C4B56 /* Info.plist */ = {isa = PBXFileReference; lastKnownFileType = text.plist.xml; path = Info.plist; sourceTree = "<group>"; };
		1FA20533242F694C000C4B56 /* CoronaTracerTests.xctest */ = {isa = PBXFileReference; explicitFileType = wrapper.cfbundle; includeInIndex = 0; path = CoronaTracerTests.xctest; sourceTree = BUILT_PRODUCTS_DIR; };
		1FA20537242F694C000C4B56 /* CoronaTracerTests.swift */ = {isa = PBXFileReference; lastKnownFileType = sourcecode.swift; path = CoronaTracerTests.swift; sourceTree = "<group>"; };
		1FA20539242F694C000C4B56 /* Info.plist */ = {isa = PBXFileReference; lastKnownFileType = text.plist.xml; path = Info.plist; sourceTree = "<group>"; };
		1FA2053E242F694C000C4B56 /* CoronaTracerUITests.xctest */ = {isa = PBXFileReference; explicitFileType = wrapper.cfbundle; includeInIndex = 0; path = CoronaTracerUITests.xctest; sourceTree = BUILT_PRODUCTS_DIR; };
		1FA20542242F694C000C4B56 /* CoronaTracerUITests.swift */ = {isa = PBXFileReference; lastKnownFileType = sourcecode.swift; path = CoronaTracerUITests.swift; sourceTree = "<group>"; };
		1FA20544242F694C000C4B56 /* Info.plist */ = {isa = PBXFileReference; lastKnownFileType = text.plist.xml; path = Info.plist; sourceTree = "<group>"; };
		24EF8B4B16E5D108C16CAAB1 /* Pods-CoronaTracer.release.xcconfig */ = {isa = PBXFileReference; includeInIndex = 1; lastKnownFileType = text.xcconfig; name = "Pods-CoronaTracer.release.xcconfig"; path = "Target Support Files/Pods-CoronaTracer/Pods-CoronaTracer.release.xcconfig"; sourceTree = "<group>"; };
		532FE62182ADC6A4BCCDBBEA /* Pods-CoronaTracer.debug.xcconfig */ = {isa = PBXFileReference; includeInIndex = 1; lastKnownFileType = text.xcconfig; name = "Pods-CoronaTracer.debug.xcconfig"; path = "Target Support Files/Pods-CoronaTracer/Pods-CoronaTracer.debug.xcconfig"; sourceTree = "<group>"; };
		7D5DED9186E4E72FDCB9B95F /* Pods-CoronaTracer-CoronaTracerUITests.release.xcconfig */ = {isa = PBXFileReference; includeInIndex = 1; lastKnownFileType = text.xcconfig; name = "Pods-CoronaTracer-CoronaTracerUITests.release.xcconfig"; path = "Target Support Files/Pods-CoronaTracer-CoronaTracerUITests/Pods-CoronaTracer-CoronaTracerUITests.release.xcconfig"; sourceTree = "<group>"; };
		808AF70D1097C0549A8A8090 /* libPods-CoronaTracer-CoronaTracerUITests.a */ = {isa = PBXFileReference; explicitFileType = archive.ar; includeInIndex = 0; path = "libPods-CoronaTracer-CoronaTracerUITests.a"; sourceTree = BUILT_PRODUCTS_DIR; };
		AE21CD71809F1928C74CEBBF /* libPods-CoronaTracer.a */ = {isa = PBXFileReference; explicitFileType = archive.ar; includeInIndex = 0; path = "libPods-CoronaTracer.a"; sourceTree = BUILT_PRODUCTS_DIR; };
		E0406763B46C73AD9ED54DA1 /* Pods-CoronaTracer-CoronaTracerUITests.debug.xcconfig */ = {isa = PBXFileReference; includeInIndex = 1; lastKnownFileType = text.xcconfig; name = "Pods-CoronaTracer-CoronaTracerUITests.debug.xcconfig"; path = "Target Support Files/Pods-CoronaTracer-CoronaTracerUITests/Pods-CoronaTracer-CoronaTracerUITests.debug.xcconfig"; sourceTree = "<group>"; };
		E4BEB1C19DB64A2CAC350883 /* libPods-CoronaTracerTests.a */ = {isa = PBXFileReference; explicitFileType = archive.ar; includeInIndex = 0; path = "libPods-CoronaTracerTests.a"; sourceTree = BUILT_PRODUCTS_DIR; };
/* End PBXFileReference section */

/* Begin PBXFrameworksBuildPhase section */
		1FA20517242F694B000C4B56 /* Frameworks */ = {
			isa = PBXFrameworksBuildPhase;
			buildActionMask = 2147483647;
			files = (
				C9E5D8EF687B8F4B55AB74DA /* libPods-CoronaTracer.a in Frameworks */,
			);
			runOnlyForDeploymentPostprocessing = 0;
		};
		1FA20530242F694C000C4B56 /* Frameworks */ = {
			isa = PBXFrameworksBuildPhase;
			buildActionMask = 2147483647;
			files = (
				71B869BF3687ABBECF47665D /* libPods-CoronaTracerTests.a in Frameworks */,
			);
			runOnlyForDeploymentPostprocessing = 0;
		};
		1FA2053B242F694C000C4B56 /* Frameworks */ = {
			isa = PBXFrameworksBuildPhase;
			buildActionMask = 2147483647;
			files = (
				A5461F7A4D5EEDF9E3C0CA40 /* libPods-CoronaTracer-CoronaTracerUITests.a in Frameworks */,
			);
			runOnlyForDeploymentPostprocessing = 0;
		};
/* End PBXFrameworksBuildPhase section */

/* Begin PBXGroup section */
		008C29F53B0A96AB02B4BE1F /* Pods */ = {
			isa = PBXGroup;
			children = (
				532FE62182ADC6A4BCCDBBEA /* Pods-CoronaTracer.debug.xcconfig */,
				24EF8B4B16E5D108C16CAAB1 /* Pods-CoronaTracer.release.xcconfig */,
				E0406763B46C73AD9ED54DA1 /* Pods-CoronaTracer-CoronaTracerUITests.debug.xcconfig */,
				7D5DED9186E4E72FDCB9B95F /* Pods-CoronaTracer-CoronaTracerUITests.release.xcconfig */,
				045D8BDDF0E141824A6A51C9 /* Pods-CoronaTracerTests.debug.xcconfig */,
				1F2C1121AA0CCBD5ED0908C0 /* Pods-CoronaTracerTests.release.xcconfig */,
			);
			path = Pods;
			sourceTree = "<group>";
		};
		1F0B8521242F774800B03809 /* Services */ = {
			isa = PBXGroup;
			children = (
				1F0B8522242F775700B03809 /* BluetoothScannerService.swift */,
			);
			path = Services;
			sourceTree = "<group>";
		};
		1F0B8652242F7EED00B03809 /* PersistentStorage */ = {
			isa = PBXGroup;
			children = (
				1FA20526242F694B000C4B56 /* CoronaTracer.xcdatamodeld */,
				1F0B8655242F7F4B00B03809 /* PeripheralCoreDataStorage.swift */,
				1F0B8653242F7F0E00B03809 /* CoreDataStorage.swift */,
			);
			path = PersistentStorage;
			sourceTree = "<group>";
		};
		1F0B8657242F7F5100B03809 /* Models */ = {
			isa = PBXGroup;
			children = (
				1F0B8524242F778D00B03809 /* Peripheral.swift */,
			);
			path = Models;
			sourceTree = "<group>";
		};
		1F0B8658242F7F9600B03809 /* Views */ = {
			isa = PBXGroup;
			children = (
				1FA2051F242F694B000C4B56 /* SceneDelegate.swift */,
				1FA20521242F694B000C4B56 /* IntialViewController.swift */,
				1FA20523242F694B000C4B56 /* Main.storyboard */,
			);
			path = Views;
			sourceTree = "<group>";
		};
		1F0B8659242F7FBD00B03809 /* Resources */ = {
			isa = PBXGroup;
			children = (
				1FA20529242F694C000C4B56 /* Assets.xcassets */,
				1FA2052B242F694C000C4B56 /* LaunchScreen.storyboard */,
				1FA2052E242F694C000C4B56 /* Info.plist */,
			);
			path = Resources;
			sourceTree = "<group>";
		};
		1FA20511242F694B000C4B56 = {
			isa = PBXGroup;
			children = (
				1FA2051C242F694B000C4B56 /* CoronaTracer */,
				1FA20536242F694C000C4B56 /* CoronaTracerTests */,
				1FA20541242F694C000C4B56 /* CoronaTracerUITests */,
				1FA2051B242F694B000C4B56 /* Products */,
				008C29F53B0A96AB02B4BE1F /* Pods */,
				DF08911EAC9CD17949B41B9E /* Frameworks */,
			);
			sourceTree = "<group>";
		};
		1FA2051B242F694B000C4B56 /* Products */ = {
			isa = PBXGroup;
			children = (
				1FA2051A242F694B000C4B56 /* CoronaTracer.app */,
				1FA20533242F694C000C4B56 /* CoronaTracerTests.xctest */,
				1FA2053E242F694C000C4B56 /* CoronaTracerUITests.xctest */,
			);
			name = Products;
			sourceTree = "<group>";
		};
		1FA2051C242F694B000C4B56 /* CoronaTracer */ = {
			isa = PBXGroup;
			children = (
				1F0B8659242F7FBD00B03809 /* Resources */,
				1F0B8658242F7F9600B03809 /* Views */,
				1F0B8657242F7F5100B03809 /* Models */,
				1F0B8652242F7EED00B03809 /* PersistentStorage */,
				1F0B8521242F774800B03809 /* Services */,
				1FA2051D242F694B000C4B56 /* AppDelegate.swift */,
			);
			path = CoronaTracer;
			sourceTree = "<group>";
		};
		1FA20536242F694C000C4B56 /* CoronaTracerTests */ = {
			isa = PBXGroup;
			children = (
				1FA20537242F694C000C4B56 /* CoronaTracerTests.swift */,
				1FA20539242F694C000C4B56 /* Info.plist */,
			);
			path = CoronaTracerTests;
			sourceTree = "<group>";
		};
		1FA20541242F694C000C4B56 /* CoronaTracerUITests */ = {
			isa = PBXGroup;
			children = (
				1FA20542242F694C000C4B56 /* CoronaTracerUITests.swift */,
				1FA20544242F694C000C4B56 /* Info.plist */,
			);
			path = CoronaTracerUITests;
			sourceTree = "<group>";
		};
		DF08911EAC9CD17949B41B9E /* Frameworks */ = {
			isa = PBXGroup;
			children = (
				AE21CD71809F1928C74CEBBF /* libPods-CoronaTracer.a */,
				808AF70D1097C0549A8A8090 /* libPods-CoronaTracer-CoronaTracerUITests.a */,
				E4BEB1C19DB64A2CAC350883 /* libPods-CoronaTracerTests.a */,
			);
			name = Frameworks;
			sourceTree = "<group>";
		};
/* End PBXGroup section */

/* Begin PBXNativeTarget section */
		1FA20519242F694B000C4B56 /* CoronaTracer */ = {
			isa = PBXNativeTarget;
			buildConfigurationList = 1FA20547242F694C000C4B56 /* Build configuration list for PBXNativeTarget "CoronaTracer" */;
			buildPhases = (
				972BB0B952BD72FCBB9E41CE /* [CP] Check Pods Manifest.lock */,
				1FA20516242F694B000C4B56 /* Sources */,
				1FA20517242F694B000C4B56 /* Frameworks */,
				1FA20518242F694B000C4B56 /* Resources */,
			);
			buildRules = (
			);
			dependencies = (
			);
			name = CoronaTracer;
			productName = CoronaTracer;
			productReference = 1FA2051A242F694B000C4B56 /* CoronaTracer.app */;
			productType = "com.apple.product-type.application";
		};
		1FA20532242F694C000C4B56 /* CoronaTracerTests */ = {
			isa = PBXNativeTarget;
			buildConfigurationList = 1FA2054A242F694C000C4B56 /* Build configuration list for PBXNativeTarget "CoronaTracerTests" */;
			buildPhases = (
				20A9E19864E88DF545215B23 /* [CP] Check Pods Manifest.lock */,
				1FA2052F242F694C000C4B56 /* Sources */,
				1FA20530242F694C000C4B56 /* Frameworks */,
				1FA20531242F694C000C4B56 /* Resources */,
			);
			buildRules = (
			);
			dependencies = (
				1FA20535242F694C000C4B56 /* PBXTargetDependency */,
			);
			name = CoronaTracerTests;
			productName = CoronaTracerTests;
			productReference = 1FA20533242F694C000C4B56 /* CoronaTracerTests.xctest */;
			productType = "com.apple.product-type.bundle.unit-test";
		};
		1FA2053D242F694C000C4B56 /* CoronaTracerUITests */ = {
			isa = PBXNativeTarget;
			buildConfigurationList = 1FA2054D242F694C000C4B56 /* Build configuration list for PBXNativeTarget "CoronaTracerUITests" */;
			buildPhases = (
				52CFEE90160772E84A62E61C /* [CP] Check Pods Manifest.lock */,
				1FA2053A242F694C000C4B56 /* Sources */,
				1FA2053B242F694C000C4B56 /* Frameworks */,
				1FA2053C242F694C000C4B56 /* Resources */,
			);
			buildRules = (
			);
			dependencies = (
				1FA20540242F694C000C4B56 /* PBXTargetDependency */,
			);
			name = CoronaTracerUITests;
			productName = CoronaTracerUITests;
			productReference = 1FA2053E242F694C000C4B56 /* CoronaTracerUITests.xctest */;
			productType = "com.apple.product-type.bundle.ui-testing";
		};
/* End PBXNativeTarget section */

/* Begin PBXProject section */
		1FA20512242F694B000C4B56 /* Project object */ = {
			isa = PBXProject;
			attributes = {
				LastSwiftUpdateCheck = 1130;
				LastUpgradeCheck = 1130;
				ORGANIZATIONNAME = CoronaTracer;
				TargetAttributes = {
					1FA20519242F694B000C4B56 = {
						CreatedOnToolsVersion = 11.3.1;
					};
					1FA20532242F694C000C4B56 = {
						CreatedOnToolsVersion = 11.3.1;
						TestTargetID = 1FA20519242F694B000C4B56;
					};
					1FA2053D242F694C000C4B56 = {
						CreatedOnToolsVersion = 11.3.1;
						TestTargetID = 1FA20519242F694B000C4B56;
					};
				};
			};
			buildConfigurationList = 1FA20515242F694B000C4B56 /* Build configuration list for PBXProject "CoronaTracer" */;
			compatibilityVersion = "Xcode 9.3";
			developmentRegion = en;
			hasScannedForEncodings = 0;
			knownRegions = (
				en,
				Base,
			);
			mainGroup = 1FA20511242F694B000C4B56;
			productRefGroup = 1FA2051B242F694B000C4B56 /* Products */;
			projectDirPath = "";
			projectRoot = "";
			targets = (
				1FA20519242F694B000C4B56 /* CoronaTracer */,
				1FA20532242F694C000C4B56 /* CoronaTracerTests */,
				1FA2053D242F694C000C4B56 /* CoronaTracerUITests */,
			);
		};
/* End PBXProject section */

/* Begin PBXResourcesBuildPhase section */
		1FA20518242F694B000C4B56 /* Resources */ = {
			isa = PBXResourcesBuildPhase;
			buildActionMask = 2147483647;
			files = (
				1FA2052D242F694C000C4B56 /* LaunchScreen.storyboard in Resources */,
				1FA2052A242F694C000C4B56 /* Assets.xcassets in Resources */,
				1FA20525242F694B000C4B56 /* Main.storyboard in Resources */,
			);
			runOnlyForDeploymentPostprocessing = 0;
		};
		1FA20531242F694C000C4B56 /* Resources */ = {
			isa = PBXResourcesBuildPhase;
			buildActionMask = 2147483647;
			files = (
			);
			runOnlyForDeploymentPostprocessing = 0;
		};
		1FA2053C242F694C000C4B56 /* Resources */ = {
			isa = PBXResourcesBuildPhase;
			buildActionMask = 2147483647;
			files = (
			);
			runOnlyForDeploymentPostprocessing = 0;
		};
/* End PBXResourcesBuildPhase section */

/* Begin PBXShellScriptBuildPhase section */
		20A9E19864E88DF545215B23 /* [CP] Check Pods Manifest.lock */ = {
			isa = PBXShellScriptBuildPhase;
			buildActionMask = 2147483647;
			files = (
			);
			inputFileListPaths = (
			);
			inputPaths = (
				"${PODS_PODFILE_DIR_PATH}/Podfile.lock",
				"${PODS_ROOT}/Manifest.lock",
			);
			name = "[CP] Check Pods Manifest.lock";
			outputFileListPaths = (
			);
			outputPaths = (
				"$(DERIVED_FILE_DIR)/Pods-CoronaTracerTests-checkManifestLockResult.txt",
			);
			runOnlyForDeploymentPostprocessing = 0;
			shellPath = /bin/sh;
			shellScript = "diff \"${PODS_PODFILE_DIR_PATH}/Podfile.lock\" \"${PODS_ROOT}/Manifest.lock\" > /dev/null\nif [ $? != 0 ] ; then\n    # print error to STDERR\n    echo \"error: The sandbox is not in sync with the Podfile.lock. Run 'pod install' or update your CocoaPods installation.\" >&2\n    exit 1\nfi\n# This output is used by Xcode 'outputs' to avoid re-running this script phase.\necho \"SUCCESS\" > \"${SCRIPT_OUTPUT_FILE_0}\"\n";
			showEnvVarsInLog = 0;
		};
		52CFEE90160772E84A62E61C /* [CP] Check Pods Manifest.lock */ = {
			isa = PBXShellScriptBuildPhase;
			buildActionMask = 2147483647;
			files = (
			);
			inputFileListPaths = (
			);
			inputPaths = (
				"${PODS_PODFILE_DIR_PATH}/Podfile.lock",
				"${PODS_ROOT}/Manifest.lock",
			);
			name = "[CP] Check Pods Manifest.lock";
			outputFileListPaths = (
			);
			outputPaths = (
				"$(DERIVED_FILE_DIR)/Pods-CoronaTracer-CoronaTracerUITests-checkManifestLockResult.txt",
			);
			runOnlyForDeploymentPostprocessing = 0;
			shellPath = /bin/sh;
			shellScript = "diff \"${PODS_PODFILE_DIR_PATH}/Podfile.lock\" \"${PODS_ROOT}/Manifest.lock\" > /dev/null\nif [ $? != 0 ] ; then\n    # print error to STDERR\n    echo \"error: The sandbox is not in sync with the Podfile.lock. Run 'pod install' or update your CocoaPods installation.\" >&2\n    exit 1\nfi\n# This output is used by Xcode 'outputs' to avoid re-running this script phase.\necho \"SUCCESS\" > \"${SCRIPT_OUTPUT_FILE_0}\"\n";
			showEnvVarsInLog = 0;
		};
		972BB0B952BD72FCBB9E41CE /* [CP] Check Pods Manifest.lock */ = {
			isa = PBXShellScriptBuildPhase;
			buildActionMask = 2147483647;
			files = (
			);
			inputFileListPaths = (
			);
			inputPaths = (
				"${PODS_PODFILE_DIR_PATH}/Podfile.lock",
				"${PODS_ROOT}/Manifest.lock",
			);
			name = "[CP] Check Pods Manifest.lock";
			outputFileListPaths = (
			);
			outputPaths = (
				"$(DERIVED_FILE_DIR)/Pods-CoronaTracer-checkManifestLockResult.txt",
			);
			runOnlyForDeploymentPostprocessing = 0;
			shellPath = /bin/sh;
			shellScript = "diff \"${PODS_PODFILE_DIR_PATH}/Podfile.lock\" \"${PODS_ROOT}/Manifest.lock\" > /dev/null\nif [ $? != 0 ] ; then\n    # print error to STDERR\n    echo \"error: The sandbox is not in sync with the Podfile.lock. Run 'pod install' or update your CocoaPods installation.\" >&2\n    exit 1\nfi\n# This output is used by Xcode 'outputs' to avoid re-running this script phase.\necho \"SUCCESS\" > \"${SCRIPT_OUTPUT_FILE_0}\"\n";
			showEnvVarsInLog = 0;
		};
/* End PBXShellScriptBuildPhase section */

/* Begin PBXSourcesBuildPhase section */
		1FA20516242F694B000C4B56 /* Sources */ = {
			isa = PBXSourcesBuildPhase;
			buildActionMask = 2147483647;
			files = (
				1FA20528242F694B000C4B56 /* CoronaTracer.xcdatamodeld in Sources */,
				1F0B8525242F778D00B03809 /* Peripheral.swift in Sources */,
				1FA20522242F694B000C4B56 /* IntialViewController.swift in Sources */,
				1F0B8656242F7F4B00B03809 /* PeripheralCoreDataStorage.swift in Sources */,
				1FA2051E242F694B000C4B56 /* AppDelegate.swift in Sources */,
				1F0B8523242F775700B03809 /* BluetoothScannerService.swift in Sources */,
				1F0B8654242F7F0E00B03809 /* CoreDataStorage.swift in Sources */,
				1FA20520242F694B000C4B56 /* SceneDelegate.swift in Sources */,
			);
			runOnlyForDeploymentPostprocessing = 0;
		};
		1FA2052F242F694C000C4B56 /* Sources */ = {
			isa = PBXSourcesBuildPhase;
			buildActionMask = 2147483647;
			files = (
				1FA20538242F694C000C4B56 /* CoronaTracerTests.swift in Sources */,
			);
			runOnlyForDeploymentPostprocessing = 0;
		};
		1FA2053A242F694C000C4B56 /* Sources */ = {
			isa = PBXSourcesBuildPhase;
			buildActionMask = 2147483647;
			files = (
				1FA20543242F694C000C4B56 /* CoronaTracerUITests.swift in Sources */,
			);
			runOnlyForDeploymentPostprocessing = 0;
		};
/* End PBXSourcesBuildPhase section */

/* Begin PBXTargetDependency section */
		1FA20535242F694C000C4B56 /* PBXTargetDependency */ = {
			isa = PBXTargetDependency;
			target = 1FA20519242F694B000C4B56 /* CoronaTracer */;
			targetProxy = 1FA20534242F694C000C4B56 /* PBXContainerItemProxy */;
		};
		1FA20540242F694C000C4B56 /* PBXTargetDependency */ = {
			isa = PBXTargetDependency;
			target = 1FA20519242F694B000C4B56 /* CoronaTracer */;
			targetProxy = 1FA2053F242F694C000C4B56 /* PBXContainerItemProxy */;
		};
/* End PBXTargetDependency section */

/* Begin PBXVariantGroup section */
		1FA20523242F694B000C4B56 /* Main.storyboard */ = {
			isa = PBXVariantGroup;
			children = (
				1FA20524242F694B000C4B56 /* Base */,
			);
			name = Main.storyboard;
			sourceTree = "<group>";
		};
		1FA2052B242F694C000C4B56 /* LaunchScreen.storyboard */ = {
			isa = PBXVariantGroup;
			children = (
				1FA2052C242F694C000C4B56 /* Base */,
			);
			name = LaunchScreen.storyboard;
			sourceTree = "<group>";
		};
/* End PBXVariantGroup section */

/* Begin XCBuildConfiguration section */
		1FA20545242F694C000C4B56 /* Debug */ = {
			isa = XCBuildConfiguration;
			buildSettings = {
				ALWAYS_SEARCH_USER_PATHS = NO;
				CLANG_ANALYZER_NONNULL = YES;
				CLANG_ANALYZER_NUMBER_OBJECT_CONVERSION = YES_AGGRESSIVE;
				CLANG_CXX_LANGUAGE_STANDARD = "gnu++14";
				CLANG_CXX_LIBRARY = "libc++";
				CLANG_ENABLE_MODULES = YES;
				CLANG_ENABLE_OBJC_ARC = YES;
				CLANG_ENABLE_OBJC_WEAK = YES;
				CLANG_WARN_BLOCK_CAPTURE_AUTORELEASING = YES;
				CLANG_WARN_BOOL_CONVERSION = YES;
				CLANG_WARN_COMMA = YES;
				CLANG_WARN_CONSTANT_CONVERSION = YES;
				CLANG_WARN_DEPRECATED_OBJC_IMPLEMENTATIONS = YES;
				CLANG_WARN_DIRECT_OBJC_ISA_USAGE = YES_ERROR;
				CLANG_WARN_DOCUMENTATION_COMMENTS = YES;
				CLANG_WARN_EMPTY_BODY = YES;
				CLANG_WARN_ENUM_CONVERSION = YES;
				CLANG_WARN_INFINITE_RECURSION = YES;
				CLANG_WARN_INT_CONVERSION = YES;
				CLANG_WARN_NON_LITERAL_NULL_CONVERSION = YES;
				CLANG_WARN_OBJC_IMPLICIT_RETAIN_SELF = YES;
				CLANG_WARN_OBJC_LITERAL_CONVERSION = YES;
				CLANG_WARN_OBJC_ROOT_CLASS = YES_ERROR;
				CLANG_WARN_RANGE_LOOP_ANALYSIS = YES;
				CLANG_WARN_STRICT_PROTOTYPES = YES;
				CLANG_WARN_SUSPICIOUS_MOVE = YES;
				CLANG_WARN_UNGUARDED_AVAILABILITY = YES_AGGRESSIVE;
				CLANG_WARN_UNREACHABLE_CODE = YES;
				CLANG_WARN__DUPLICATE_METHOD_MATCH = YES;
				COPY_PHASE_STRIP = NO;
				DEBUG_INFORMATION_FORMAT = dwarf;
				ENABLE_STRICT_OBJC_MSGSEND = YES;
				ENABLE_TESTABILITY = YES;
				GCC_C_LANGUAGE_STANDARD = gnu11;
				GCC_DYNAMIC_NO_PIC = NO;
				GCC_NO_COMMON_BLOCKS = YES;
				GCC_OPTIMIZATION_LEVEL = 0;
				GCC_PREPROCESSOR_DEFINITIONS = (
					"DEBUG=1",
					"$(inherited)",
				);
				GCC_WARN_64_TO_32_BIT_CONVERSION = YES;
				GCC_WARN_ABOUT_RETURN_TYPE = YES_ERROR;
				GCC_WARN_UNDECLARED_SELECTOR = YES;
				GCC_WARN_UNINITIALIZED_AUTOS = YES_AGGRESSIVE;
				GCC_WARN_UNUSED_FUNCTION = YES;
				GCC_WARN_UNUSED_VARIABLE = YES;
				IPHONEOS_DEPLOYMENT_TARGET = 13.2;
				MTL_ENABLE_DEBUG_INFO = INCLUDE_SOURCE;
				MTL_FAST_MATH = YES;
				ONLY_ACTIVE_ARCH = YES;
				SDKROOT = iphoneos;
				SWIFT_ACTIVE_COMPILATION_CONDITIONS = DEBUG;
				SWIFT_OPTIMIZATION_LEVEL = "-Onone";
			};
			name = Debug;
		};
		1FA20546242F694C000C4B56 /* Release */ = {
			isa = XCBuildConfiguration;
			buildSettings = {
				ALWAYS_SEARCH_USER_PATHS = NO;
				CLANG_ANALYZER_NONNULL = YES;
				CLANG_ANALYZER_NUMBER_OBJECT_CONVERSION = YES_AGGRESSIVE;
				CLANG_CXX_LANGUAGE_STANDARD = "gnu++14";
				CLANG_CXX_LIBRARY = "libc++";
				CLANG_ENABLE_MODULES = YES;
				CLANG_ENABLE_OBJC_ARC = YES;
				CLANG_ENABLE_OBJC_WEAK = YES;
				CLANG_WARN_BLOCK_CAPTURE_AUTORELEASING = YES;
				CLANG_WARN_BOOL_CONVERSION = YES;
				CLANG_WARN_COMMA = YES;
				CLANG_WARN_CONSTANT_CONVERSION = YES;
				CLANG_WARN_DEPRECATED_OBJC_IMPLEMENTATIONS = YES;
				CLANG_WARN_DIRECT_OBJC_ISA_USAGE = YES_ERROR;
				CLANG_WARN_DOCUMENTATION_COMMENTS = YES;
				CLANG_WARN_EMPTY_BODY = YES;
				CLANG_WARN_ENUM_CONVERSION = YES;
				CLANG_WARN_INFINITE_RECURSION = YES;
				CLANG_WARN_INT_CONVERSION = YES;
				CLANG_WARN_NON_LITERAL_NULL_CONVERSION = YES;
				CLANG_WARN_OBJC_IMPLICIT_RETAIN_SELF = YES;
				CLANG_WARN_OBJC_LITERAL_CONVERSION = YES;
				CLANG_WARN_OBJC_ROOT_CLASS = YES_ERROR;
				CLANG_WARN_RANGE_LOOP_ANALYSIS = YES;
				CLANG_WARN_STRICT_PROTOTYPES = YES;
				CLANG_WARN_SUSPICIOUS_MOVE = YES;
				CLANG_WARN_UNGUARDED_AVAILABILITY = YES_AGGRESSIVE;
				CLANG_WARN_UNREACHABLE_CODE = YES;
				CLANG_WARN__DUPLICATE_METHOD_MATCH = YES;
				COPY_PHASE_STRIP = NO;
				DEBUG_INFORMATION_FORMAT = "dwarf-with-dsym";
				ENABLE_NS_ASSERTIONS = NO;
				ENABLE_STRICT_OBJC_MSGSEND = YES;
				GCC_C_LANGUAGE_STANDARD = gnu11;
				GCC_NO_COMMON_BLOCKS = YES;
				GCC_WARN_64_TO_32_BIT_CONVERSION = YES;
				GCC_WARN_ABOUT_RETURN_TYPE = YES_ERROR;
				GCC_WARN_UNDECLARED_SELECTOR = YES;
				GCC_WARN_UNINITIALIZED_AUTOS = YES_AGGRESSIVE;
				GCC_WARN_UNUSED_FUNCTION = YES;
				GCC_WARN_UNUSED_VARIABLE = YES;
				IPHONEOS_DEPLOYMENT_TARGET = 13.2;
				MTL_ENABLE_DEBUG_INFO = NO;
				MTL_FAST_MATH = YES;
				SDKROOT = iphoneos;
				SWIFT_COMPILATION_MODE = wholemodule;
				SWIFT_OPTIMIZATION_LEVEL = "-O";
				VALIDATE_PRODUCT = YES;
			};
			name = Release;
		};
		1FA20548242F694C000C4B56 /* Debug */ = {
			isa = XCBuildConfiguration;
			baseConfigurationReference = 532FE62182ADC6A4BCCDBBEA /* Pods-CoronaTracer.debug.xcconfig */;
			buildSettings = {
				ASSETCATALOG_COMPILER_APPICON_NAME = AppIcon;
				CODE_SIGN_STYLE = Automatic;
				DEVELOPMENT_TEAM = SKUSSTT75D;
				INFOPLIST_FILE = CoronaTracer/Resources/Info.plist;
				LD_RUNPATH_SEARCH_PATHS = (
					"$(inherited)",
					"@executable_path/Frameworks",
				);
				PRODUCT_BUNDLE_IDENTIFIER = com.coronaTracer.CoronaTracer;
				PRODUCT_NAME = "$(TARGET_NAME)";
				SWIFT_VERSION = 5.0;
				TARGETED_DEVICE_FAMILY = "1,2";
			};
			name = Debug;
		};
		1FA20549242F694C000C4B56 /* Release */ = {
			isa = XCBuildConfiguration;
			baseConfigurationReference = 24EF8B4B16E5D108C16CAAB1 /* Pods-CoronaTracer.release.xcconfig */;
			buildSettings = {
				ASSETCATALOG_COMPILER_APPICON_NAME = AppIcon;
				CODE_SIGN_STYLE = Automatic;
				DEVELOPMENT_TEAM = SKUSSTT75D;
				INFOPLIST_FILE = CoronaTracer/Resources/Info.plist;
				LD_RUNPATH_SEARCH_PATHS = (
					"$(inherited)",
					"@executable_path/Frameworks",
				);
				PRODUCT_BUNDLE_IDENTIFIER = com.coronaTracer.CoronaTracer;
				PRODUCT_NAME = "$(TARGET_NAME)";
				SWIFT_VERSION = 5.0;
				TARGETED_DEVICE_FAMILY = "1,2";
			};
			name = Release;
		};
		1FA2054B242F694C000C4B56 /* Debug */ = {
			isa = XCBuildConfiguration;
			baseConfigurationReference = 045D8BDDF0E141824A6A51C9 /* Pods-CoronaTracerTests.debug.xcconfig */;
			buildSettings = {
				ALWAYS_EMBED_SWIFT_STANDARD_LIBRARIES = YES;
				BUNDLE_LOADER = "$(TEST_HOST)";
				CODE_SIGN_STYLE = Automatic;
				DEVELOPMENT_TEAM = SKUSSTT75D;
				INFOPLIST_FILE = CoronaTracerTests/Info.plist;
				IPHONEOS_DEPLOYMENT_TARGET = 13.2;
				LD_RUNPATH_SEARCH_PATHS = (
					"$(inherited)",
					"@executable_path/Frameworks",
					"@loader_path/Frameworks",
				);
				PRODUCT_BUNDLE_IDENTIFIER = com.coronaTracer.CoronaTracerTests;
				PRODUCT_NAME = "$(TARGET_NAME)";
				SWIFT_VERSION = 5.0;
				TARGETED_DEVICE_FAMILY = "1,2";
				TEST_HOST = "$(BUILT_PRODUCTS_DIR)/CoronaTracer.app/CoronaTracer";
			};
			name = Debug;
		};
		1FA2054C242F694C000C4B56 /* Release */ = {
			isa = XCBuildConfiguration;
			baseConfigurationReference = 1F2C1121AA0CCBD5ED0908C0 /* Pods-CoronaTracerTests.release.xcconfig */;
			buildSettings = {
				ALWAYS_EMBED_SWIFT_STANDARD_LIBRARIES = YES;
				BUNDLE_LOADER = "$(TEST_HOST)";
				CODE_SIGN_STYLE = Automatic;
				DEVELOPMENT_TEAM = SKUSSTT75D;
				INFOPLIST_FILE = CoronaTracerTests/Info.plist;
				IPHONEOS_DEPLOYMENT_TARGET = 13.2;
				LD_RUNPATH_SEARCH_PATHS = (
					"$(inherited)",
					"@executable_path/Frameworks",
					"@loader_path/Frameworks",
				);
				PRODUCT_BUNDLE_IDENTIFIER = com.coronaTracer.CoronaTracerTests;
				PRODUCT_NAME = "$(TARGET_NAME)";
				SWIFT_VERSION = 5.0;
				TARGETED_DEVICE_FAMILY = "1,2";
				TEST_HOST = "$(BUILT_PRODUCTS_DIR)/CoronaTracer.app/CoronaTracer";
			};
			name = Release;
		};
		1FA2054E242F694C000C4B56 /* Debug */ = {
			isa = XCBuildConfiguration;
			baseConfigurationReference = E0406763B46C73AD9ED54DA1 /* Pods-CoronaTracer-CoronaTracerUITests.debug.xcconfig */;
			buildSettings = {
				ALWAYS_EMBED_SWIFT_STANDARD_LIBRARIES = YES;
				CODE_SIGN_STYLE = Automatic;
				DEVELOPMENT_TEAM = SKUSSTT75D;
				INFOPLIST_FILE = CoronaTracerUITests/Info.plist;
				LD_RUNPATH_SEARCH_PATHS = (
					"$(inherited)",
					"@executable_path/Frameworks",
					"@loader_path/Frameworks",
				);
				PRODUCT_BUNDLE_IDENTIFIER = com.coronaTracer.CoronaTracerUITests;
				PRODUCT_NAME = "$(TARGET_NAME)";
				SWIFT_VERSION = 5.0;
				TARGETED_DEVICE_FAMILY = "1,2";
				TEST_TARGET_NAME = CoronaTracer;
			};
			name = Debug;
		};
		1FA2054F242F694C000C4B56 /* Release */ = {
			isa = XCBuildConfiguration;
			baseConfigurationReference = 7D5DED9186E4E72FDCB9B95F /* Pods-CoronaTracer-CoronaTracerUITests.release.xcconfig */;
			buildSettings = {
				ALWAYS_EMBED_SWIFT_STANDARD_LIBRARIES = YES;
				CODE_SIGN_STYLE = Automatic;
				DEVELOPMENT_TEAM = SKUSSTT75D;
				INFOPLIST_FILE = CoronaTracerUITests/Info.plist;
				LD_RUNPATH_SEARCH_PATHS = (
					"$(inherited)",
					"@executable_path/Frameworks",
					"@loader_path/Frameworks",
				);
				PRODUCT_BUNDLE_IDENTIFIER = com.coronaTracer.CoronaTracerUITests;
				PRODUCT_NAME = "$(TARGET_NAME)";
				SWIFT_VERSION = 5.0;
				TARGETED_DEVICE_FAMILY = "1,2";
				TEST_TARGET_NAME = CoronaTracer;
			};
			name = Release;
		};
/* End XCBuildConfiguration section */

/* Begin XCConfigurationList section */
		1FA20515242F694B000C4B56 /* Build configuration list for PBXProject "CoronaTracer" */ = {
			isa = XCConfigurationList;
			buildConfigurations = (
				1FA20545242F694C000C4B56 /* Debug */,
				1FA20546242F694C000C4B56 /* Release */,
			);
			defaultConfigurationIsVisible = 0;
			defaultConfigurationName = Release;
		};
		1FA20547242F694C000C4B56 /* Build configuration list for PBXNativeTarget "CoronaTracer" */ = {
			isa = XCConfigurationList;
			buildConfigurations = (
				1FA20548242F694C000C4B56 /* Debug */,
				1FA20549242F694C000C4B56 /* Release */,
			);
			defaultConfigurationIsVisible = 0;
			defaultConfigurationName = Release;
		};
		1FA2054A242F694C000C4B56 /* Build configuration list for PBXNativeTarget "CoronaTracerTests" */ = {
			isa = XCConfigurationList;
			buildConfigurations = (
				1FA2054B242F694C000C4B56 /* Debug */,
				1FA2054C242F694C000C4B56 /* Release */,
			);
			defaultConfigurationIsVisible = 0;
			defaultConfigurationName = Release;
		};
		1FA2054D242F694C000C4B56 /* Build configuration list for PBXNativeTarget "CoronaTracerUITests" */ = {
			isa = XCConfigurationList;
			buildConfigurations = (
				1FA2054E242F694C000C4B56 /* Debug */,
				1FA2054F242F694C000C4B56 /* Release */,
			);
			defaultConfigurationIsVisible = 0;
			defaultConfigurationName = Release;
		};
/* End XCConfigurationList section */

/* Begin XCVersionGroup section */
		1FA20526242F694B000C4B56 /* CoronaTracer.xcdatamodeld */ = {
			isa = XCVersionGroup;
			children = (
				1FA20527242F694B000C4B56 /* CoronaTracer.xcdatamodel */,
			);
			currentVersion = 1FA20527242F694B000C4B56 /* CoronaTracer.xcdatamodel */;
			path = CoronaTracer.xcdatamodeld;
			sourceTree = "<group>";
			versionGroupType = wrapper.xcdatamodel;
		};
/* End XCVersionGroup section */
	};
	rootObject = 1FA20512242F694B000C4B56 /* Project object */;
}
